{
  "name": "sensors",
  "version": "0.1.0",
  "lockfileVersion": 1,
  "requires": true,
  "dependencies": {
    "csv-parse": {
      "version": "3.0.0",
      "resolved": "https://registry.npmjs.org/csv-parse/-/csv-parse-3.0.0.tgz",
      "integrity": "sha512-h58BzkfwYNY1gyfl6NUZe1OKxXy/Pn6ZeXlkz3fdLdg/r3Om+lgMySw9SxH7rDs8ARFFyIc6UI6fLnaeRkjNPQ=="
    },
    "edge-cs": {
      "version": "1.2.1",
      "resolved": "https://registry.npmjs.org/edge-cs/-/edge-cs-1.2.1.tgz",
      "integrity": "sha1-vRqezblO8O1AyJRYIEZ0nlcEXlo="
    },
    "edge-js": {
      "version": "10.3.1",
      "resolved": "https://registry.npmjs.org/edge-js/-/edge-js-10.3.1.tgz",
      "integrity": "sha512-jMP3jw8L00PKIMylyr4PWDACvADPnAHxdx9aIiKRRLHJ6Y+TYv+nmmtxs3JA/dJVz4kllvIMR/axpEDetGQOaQ==",
      "requires": {
        "edge-cs": "1.2.1",
        "nan": "2.11.0"
      }
    },
    "nan": {
      "version": "2.11.0",
      "resolved": "https://registry.npmjs.org/nan/-/nan-2.11.0.tgz",
      "integrity": "sha512-F4miItu2rGnV2ySkXOQoA8FKz/SR2Q2sWP0sbTxNxz/tuokeC8WxOhPMcwi0qIyGtVn/rrSeLbvVkznqCdwYnw=="
    },
    "sax": {
      "version": "1.2.4",
      "resolved": "https://registry.npmjs.org/sax/-/sax-1.2.4.tgz",
      "integrity": "sha512-NqVDv9TpANUjFm0N8uM5GxL36UgKi9/atZw+x7YFnQ8ckwFGKrl4xX4yWtrey3UJm5nP1kUbnYgLopqWNSRhWw=="
    },
    "xml2js": {
      "version": "0.4.19",
      "resolved": "https://registry.npmjs.org/xml2js/-/xml2js-0.4.19.tgz",
      "integrity": "sha512-esZnJZJOiJR9wWKMyuvSE1y6Dq5LCuJanqhxslH2bxM6duahNZ+HMpCLhBQGZkbX6xRf8x1Y2eJlgt2q3qo49Q==",
      "requires": {
        "sax": "1.2.4",
        "xmlbuilder": "9.0.7"
      }
    },
    "xmlbuilder": {
      "version": "9.0.7",
      "resolved": "https://registry.npmjs.org/xmlbuilder/-/xmlbuilder-9.0.7.tgz",
      "integrity": "sha1-Ey7mPS7FVlxVfiD0wi35rKaGsQ0="
    }
  }
}
